
Microsoft Visual Studio Solution File, Format Version 12.00
# Visual Studio Version 16
VisualStudioVersion = 16.0.31729.503
MinimumVisualStudioVersion = 10.0.40219.1
Project("{FAE04EC0-301F-11D3-BF4B-00C04F79EFBC}") = "LeetCode_Resolve", "LeetCode_Resolve\LeetCode_Resolve.csproj", "{67DD9C06-091F-4A88-9975-3E7624121983}"
EndProject
Global
	GlobalSection(SolutionConfigurationPlatforms) = preSolution
		Debug|Any CPU = Debug|Any CPU
		Release|Any CPU = Release|Any CPU
	EndGlobalSection
	GlobalSection(ProjectConfigurationPlatforms) = postSolution
		{67DD9C06-091F-4A88-9975-3E7624121983}.Debug|Any CPU.ActiveCfg = Debug|Any CPU
		{67DD9C06-091F-4A88-9975-3E7624121983}.Debug|Any CPU.Build.0 = Debug|Any CPU
		{67DD9C06-091F-4A88-9975-3E7624121983}.Release|Any CPU.ActiveCfg = Release|Any CPU
		{67DD9C06-091F-4A88-9975-3E7624121983}.Release|Any CPU.Build.0 = Release|Any CPU
	EndGlobalSection
	GlobalSection(SolutionProperties) = preSolution
		HideSolutionNode = FALSE
	EndGlobalSection
	GlobalSection(ExtensibilityGlobals) = postSolution
		SolutionGuid = {EFABD07E-F6D5-4496-A5B1-88CB6CA100B7}
	EndGlobalSection
EndGlobal
